
Microsoft Visual Studio Solution File, Format Version 12.00
# Visual Studio 15
VisualStudioVersion = 15.0.28307.168
MinimumVisualStudioVersion = 10.0.40219.1
Project("{FAE04EC0-301F-11D3-BF4B-00C04F79EFBC}") = "SFTP.Wrapper", "SFTP.Wrapper\SFTP.Wrapper.csproj", "{1283AF38-0604-47C4-8D7C-755D0A168388}"
EndProject
Global
	GlobalSection(SolutionConfigurationPlatforms) = preSolution
		Debug|Any CPU = Debug|Any CPU
		Release|Any CPU = Release|Any CPU
	EndGlobalSection
	GlobalSection(ProjectConfigurationPlatforms) = postSolution
		{1283AF38-0604-47C4-8D7C-755D0A168388}.Debug|Any CPU.ActiveCfg = Debug|Any CPU
		{1283AF38-0604-47C4-8D7C-755D0A168388}.Debug|Any CPU.Build.0 = Debug|Any CPU
		{1283AF38-0604-47C4-8D7C-755D0A168388}.Release|Any CPU.ActiveCfg = Release|Any CPU
		{1283AF38-0604-47C4-8D7C-755D0A168388}.Release|Any CPU.Build.0 = Release|Any CPU
	EndGlobalSection
	GlobalSection(SolutionProperties) = preSolution
		HideSolutionNode = FALSE
	EndGlobalSection
	GlobalSection(ExtensibilityGlobals) = postSolution
		SolutionGuid = {16DA007A-1185-4023-A91D-8A835F558339}
	EndGlobalSection
EndGlobal
