
Microsoft Visual Studio Solution File, Format Version 12.00
# Visual Studio 14
VisualStudioVersion = 14.0.25420.1
MinimumVisualStudioVersion = 10.0.40219.1
Project("{FAE04EC0-301F-11D3-BF4B-00C04F79EFBC}") = "SFTPFrameworkConsole", "SFTPFrameworkConsole\SFTPFrameworkConsole.csproj", "{55E14523-C3CF-4864-AA4E-B802FC122BF9}"
EndProject
Global
	GlobalSection(SolutionConfigurationPlatforms) = preSolution
		Debug|Any CPU = Debug|Any CPU
		Release|Any CPU = Release|Any CPU
	EndGlobalSection
	GlobalSection(ProjectConfigurationPlatforms) = postSolution
		{55E14523-C3CF-4864-AA4E-B802FC122BF9}.Debug|Any CPU.ActiveCfg = Debug|Any CPU
		{55E14523-C3CF-4864-AA4E-B802FC122BF9}.Debug|Any CPU.Build.0 = Debug|Any CPU
		{55E14523-C3CF-4864-AA4E-B802FC122BF9}.Release|Any CPU.ActiveCfg = Release|Any CPU
		{55E14523-C3CF-4864-AA4E-B802FC122BF9}.Release|Any CPU.Build.0 = Release|Any CPU
	EndGlobalSection
	GlobalSection(SolutionProperties) = preSolution
		HideSolutionNode = FALSE
	EndGlobalSection
EndGlobal
